
Microsoft Visual Studio Solution File, Format Version 12.00
# Visual Studio 15
VisualStudioVersion = 15.0.26730.16
MinimumVisualStudioVersion = 10.0.40219.1
Project("{FAE04EC0-301F-11D3-BF4B-00C04F79EFBC}") = "FTP", "ConsoleApp1\FTP.csproj", "{0FD0F341-1EDA-48C2-ADC2-CC0896A808A1}"
EndProject
Project("{FAE04EC0-301F-11D3-BF4B-00C04F79EFBC}") = "FTPServer", "FTPServer\FTPServer.csproj", "{5DE3A530-B884-4BD6-A693-6248699F3FD7}"
EndProject
Global
	GlobalSection(SolutionConfigurationPlatforms) = preSolution
		Debug|Any CPU = Debug|Any CPU
		Release|Any CPU = Release|Any CPU
	EndGlobalSection
	GlobalSection(ProjectConfigurationPlatforms) = postSolution
		{0FD0F341-1EDA-48C2-ADC2-CC0896A808A1}.Debug|Any CPU.ActiveCfg = Debug|Any CPU
		{0FD0F341-1EDA-48C2-ADC2-CC0896A808A1}.Debug|Any CPU.Build.0 = Debug|Any CPU
		{0FD0F341-1EDA-48C2-ADC2-CC0896A808A1}.Release|Any CPU.ActiveCfg = Release|Any CPU
		{0FD0F341-1EDA-48C2-ADC2-CC0896A808A1}.Release|Any CPU.Build.0 = Release|Any CPU
		{5DE3A530-B884-4BD6-A693-6248699F3FD7}.Debug|Any CPU.ActiveCfg = Debug|Any CPU
		{5DE3A530-B884-4BD6-A693-6248699F3FD7}.Debug|Any CPU.Build.0 = Debug|Any CPU
		{5DE3A530-B884-4BD6-A693-6248699F3FD7}.Release|Any CPU.ActiveCfg = Release|Any CPU
		{5DE3A530-B884-4BD6-A693-6248699F3FD7}.Release|Any CPU.Build.0 = Release|Any CPU
	EndGlobalSection
	GlobalSection(SolutionProperties) = preSolution
		HideSolutionNode = FALSE
	EndGlobalSection
	GlobalSection(ExtensibilityGlobals) = postSolution
		SolutionGuid = {BEA7388C-9FA0-4588-A897-39B477C59312}
	EndGlobalSection
EndGlobal
